
Microsoft Visual Studio Solution File, Format Version 12.00
# Visual Studio 15
VisualStudioVersion = 15.0.27004.2008
MinimumVisualStudioVersion = 10.0.40219.1
Project("{8BC9CEB8-8B4A-11D0-8D11-00A0C91BC942}") = "HelloWorldEmbeddedPython", "HelloWorldEmbeddedPython\HelloWorldEmbeddedPython.vcxproj", "{7F33E150-F2C1-4644-925E-74F964CB7183}"
EndProject
Project("{8BC9CEB8-8B4A-11D0-8D11-00A0C91BC942}") = "PyAddIn", "PyAddIn\PyAddIn.vcxproj", "{D1440DFB-E1F2-4D72-83DD-2F03E1E7D50D}"
EndProject
Global
	GlobalSection(SolutionConfigurationPlatforms) = preSolution
		Debug|x64 = Debug|x64
		Debug|x86 = Debug|x86
		Release|x64 = Release|x64
		Release|x86 = Release|x86
	EndGlobalSection
	GlobalSection(ProjectConfigurationPlatforms) = postSolution
		{7F33E150-F2C1-4644-925E-74F964CB7183}.Debug|x64.ActiveCfg = Debug|x64
		{7F33E150-F2C1-4644-925E-74F964CB7183}.Debug|x64.Build.0 = Debug|x64
		{7F33E150-F2C1-4644-925E-74F964CB7183}.Debug|x86.ActiveCfg = Debug|Win32
		{7F33E150-F2C1-4644-925E-74F964CB7183}.Debug|x86.Build.0 = Debug|Win32
		{7F33E150-F2C1-4644-925E-74F964CB7183}.Release|x64.ActiveCfg = Release|x64
		{7F33E150-F2C1-4644-925E-74F964CB7183}.Release|x64.Build.0 = Release|x64
		{7F33E150-F2C1-4644-925E-74F964CB7183}.Release|x86.ActiveCfg = Release|Win32
		{7F33E150-F2C1-4644-925E-74F964CB7183}.Release|x86.Build.0 = Release|Win32
		{D1440DFB-E1F2-4D72-83DD-2F03E1E7D50D}.Debug|x64.ActiveCfg = Debug|x64
		{D1440DFB-E1F2-4D72-83DD-2F03E1E7D50D}.Debug|x64.Build.0 = Debug|x64
		{D1440DFB-E1F2-4D72-83DD-2F03E1E7D50D}.Debug|x86.ActiveCfg = Debug|Win32
		{D1440DFB-E1F2-4D72-83DD-2F03E1E7D50D}.Debug|x86.Build.0 = Debug|Win32
		{D1440DFB-E1F2-4D72-83DD-2F03E1E7D50D}.Release|x64.ActiveCfg = Release|x64
		{D1440DFB-E1F2-4D72-83DD-2F03E1E7D50D}.Release|x64.Build.0 = Release|x64
		{D1440DFB-E1F2-4D72-83DD-2F03E1E7D50D}.Release|x86.ActiveCfg = Release|Win32
		{D1440DFB-E1F2-4D72-83DD-2F03E1E7D50D}.Release|x86.Build.0 = Release|Win32
	EndGlobalSection
	GlobalSection(SolutionProperties) = preSolution
		HideSolutionNode = FALSE
	EndGlobalSection
	GlobalSection(ExtensibilityGlobals) = postSolution
		SolutionGuid = {2EE442DB-64DC-42DF-8E40-FA5F0F957A5E}
	EndGlobalSection
EndGlobal
